// !$*UTF8*$!
{
	archiveVersion = 1;
	classes = {
	};
	objectVersion = 56;
	objects = {

/* Begin PBXBuildFile section */
		D935E0802AF56658006F0D61 /* HeroesTableViewCell.swift in Sources */ = {isa = PBXBuildFile; fileRef = D935E07F2AF56658006F0D61 /* HeroesTableViewCell.swift */; };
		D93F4F9E2AE7BEDB00610761 /* AppDelegate.swift in Sources */ = {isa = PBXBuildFile; fileRef = D93F4F9D2AE7BEDB00610761 /* AppDelegate.swift */; };
		D93F4FA02AE7BEDB00610761 /* SceneDelegate.swift in Sources */ = {isa = PBXBuildFile; fileRef = D93F4F9F2AE7BEDB00610761 /* SceneDelegate.swift */; };
		D93F4FA22AE7BEDB00610761 /* HeroesTableViewController.swift in Sources */ = {isa = PBXBuildFile; fileRef = D93F4FA12AE7BEDB00610761 /* HeroesTableViewController.swift */; };
		D93F4FA72AE7BEDD00610761 /* Assets.xcassets in Resources */ = {isa = PBXBuildFile; fileRef = D93F4FA62AE7BEDD00610761 /* Assets.xcassets */; };
		D93F4FAA2AE7BEDD00610761 /* LaunchScreen.storyboard in Resources */ = {isa = PBXBuildFile; fileRef = D93F4FA82AE7BEDD00610761 /* LaunchScreen.storyboard */; };
		D93F4FB42AE7E11900610761 /* Hero.swift in Sources */ = {isa = PBXBuildFile; fileRef = D93F4FB32AE7E11900610761 /* Hero.swift */; };
		D93F4FB62AE7E12900610761 /* HeroService.swift in Sources */ = {isa = PBXBuildFile; fileRef = D93F4FB52AE7E12900610761 /* HeroService.swift */; };
		D93F4FBB2AE7FB5900610761 /* Constants.swift in Sources */ = {isa = PBXBuildFile; fileRef = D93F4FBA2AE7FB5900610761 /* Constants.swift */; };
		D940FDDC2AEABED0008424B3 /* HeroViewController.swift in Sources */ = {isa = PBXBuildFile; fileRef = D940FDDB2AEABED0008424B3 /* HeroViewController.swift */; };
		D940FDDE2AEABF73008424B3 /* HeroView.swift in Sources */ = {isa = PBXBuildFile; fileRef = D940FDDD2AEABF73008424B3 /* HeroView.swift */; };
		D9BA0EFB2AF8E953003D7DCC /* HeroesTableViewModel.swift in Sources */ = {isa = PBXBuildFile; fileRef = D9BA0EFA2AF8E953003D7DCC /* HeroesTableViewModel.swift */; };
		D9DF20492AEBDB6F00B81F12 /* CategoryViewComponent.swift in Sources */ = {isa = PBXBuildFile; fileRef = D9DF20482AEBDB6F00B81F12 /* CategoryViewComponent.swift */; };
		D9DFF5012AE950EA002E7B6A /* HeroesTableView.swift in Sources */ = {isa = PBXBuildFile; fileRef = D9DFF5002AE950EA002E7B6A /* HeroesTableView.swift */; };
/* End PBXBuildFile section */

/* Begin PBXFileReference section */
		D935E07F2AF56658006F0D61 /* HeroesTableViewCell.swift */ = {isa = PBXFileReference; lastKnownFileType = sourcecode.swift; path = HeroesTableViewCell.swift; sourceTree = "<group>"; };
		D93F4F9A2AE7BEDB00610761 /* Heroes.app */ = {isa = PBXFileReference; explicitFileType = wrapper.application; includeInIndex = 0; path = Heroes.app; sourceTree = BUILT_PRODUCTS_DIR; };
		D93F4F9D2AE7BEDB00610761 /* AppDelegate.swift */ = {isa = PBXFileReference; lastKnownFileType = sourcecode.swift; path = AppDelegate.swift; sourceTree = "<group>"; };
		D93F4F9F2AE7BEDB00610761 /* SceneDelegate.swift */ = {isa = PBXFileReference; lastKnownFileType = sourcecode.swift; path = SceneDelegate.swift; sourceTree = "<group>"; };
		D93F4FA12AE7BEDB00610761 /* HeroesTableViewController.swift */ = {isa = PBXFileReference; lastKnownFileType = sourcecode.swift; path = HeroesTableViewController.swift; sourceTree = "<group>"; };
		D93F4FA62AE7BEDD00610761 /* Assets.xcassets */ = {isa = PBXFileReference; lastKnownFileType = folder.assetcatalog; path = Assets.xcassets; sourceTree = "<group>"; };
		D93F4FA92AE7BEDD00610761 /* Base */ = {isa = PBXFileReference; lastKnownFileType = file.storyboard; name = Base; path = Base.lproj/LaunchScreen.storyboard; sourceTree = "<group>"; };
		D93F4FAB2AE7BEDD00610761 /* Info.plist */ = {isa = PBXFileReference; lastKnownFileType = text.plist.xml; path = Info.plist; sourceTree = "<group>"; };
		D93F4FB32AE7E11900610761 /* Hero.swift */ = {isa = PBXFileReference; lastKnownFileType = sourcecode.swift; path = Hero.swift; sourceTree = "<group>"; };
		D93F4FB52AE7E12900610761 /* HeroService.swift */ = {isa = PBXFileReference; lastKnownFileType = sourcecode.swift; path = HeroService.swift; sourceTree = "<group>"; };
		D93F4FBA2AE7FB5900610761 /* Constants.swift */ = {isa = PBXFileReference; lastKnownFileType = sourcecode.swift; path = Constants.swift; sourceTree = "<group>"; };
		D940FDDB2AEABED0008424B3 /* HeroViewController.swift */ = {isa = PBXFileReference; lastKnownFileType = sourcecode.swift; path = HeroViewController.swift; sourceTree = "<group>"; };
		D940FDDD2AEABF73008424B3 /* HeroView.swift */ = {isa = PBXFileReference; lastKnownFileType = sourcecode.swift; path = HeroView.swift; sourceTree = "<group>"; };
		D9BA0EFA2AF8E953003D7DCC /* HeroesTableViewModel.swift */ = {isa = PBXFileReference; lastKnownFileType = sourcecode.swift; path = HeroesTableViewModel.swift; sourceTree = "<group>"; };
		D9DF20482AEBDB6F00B81F12 /* CategoryViewComponent.swift */ = {isa = PBXFileReference; lastKnownFileType = sourcecode.swift; path = CategoryViewComponent.swift; sourceTree = "<group>"; };
		D9DFF5002AE950EA002E7B6A /* HeroesTableView.swift */ = {isa = PBXFileReference; lastKnownFileType = sourcecode.swift; path = HeroesTableView.swift; sourceTree = "<group>"; };
/* End PBXFileReference section */

/* Begin PBXFrameworksBuildPhase section */
		D93F4F972AE7BEDB00610761 /* Frameworks */ = {
			isa = PBXFrameworksBuildPhase;
			buildActionMask = 2147483647;
			files = (
			);
			runOnlyForDeploymentPostprocessing = 0;
		};
/* End PBXFrameworksBuildPhase section */

/* Begin PBXGroup section */
		D93F4F912AE7BEDB00610761 = {
			isa = PBXGroup;
			children = (
				D93F4F9C2AE7BEDB00610761 /* Heroes */,
				D93F4F9B2AE7BEDB00610761 /* Products */,
			);
			sourceTree = "<group>";
		};
		D93F4F9B2AE7BEDB00610761 /* Products */ = {
			isa = PBXGroup;
			children = (
				D93F4F9A2AE7BEDB00610761 /* Heroes.app */,
			);
			name = Products;
			sourceTree = "<group>";
		};
		D93F4F9C2AE7BEDB00610761 /* Heroes */ = {
			isa = PBXGroup;
			children = (
				D9BA0EF92AF8E935003D7DCC /* viewModels */,
				D9DF204A2AEC02FD00B81F12 /* components */,
				D9DFF5032AE952C5002E7B6A /* viewControllers */,
				D9DFF5022AE952B2002E7B6A /* views */,
				D93F4FB92AE7FB4800610761 /* utils */,
				D93F4FB22AE7E0FC00610761 /* services */,
				D93F4FB12AE7E0EE00610761 /* models */,
				D93F4F9D2AE7BEDB00610761 /* AppDelegate.swift */,
				D93F4F9F2AE7BEDB00610761 /* SceneDelegate.swift */,
				D93F4FA62AE7BEDD00610761 /* Assets.xcassets */,
				D93F4FA82AE7BEDD00610761 /* LaunchScreen.storyboard */,
				D93F4FAB2AE7BEDD00610761 /* Info.plist */,
			);
			path = Heroes;
			sourceTree = "<group>";
		};
		D93F4FB12AE7E0EE00610761 /* models */ = {
			isa = PBXGroup;
			children = (
				D93F4FB32AE7E11900610761 /* Hero.swift */,
			);
			path = models;
			sourceTree = "<group>";
		};
		D93F4FB22AE7E0FC00610761 /* services */ = {
			isa = PBXGroup;
			children = (
				D93F4FB52AE7E12900610761 /* HeroService.swift */,
			);
			path = services;
			sourceTree = "<group>";
		};
		D93F4FB92AE7FB4800610761 /* utils */ = {
			isa = PBXGroup;
			children = (
				D93F4FBA2AE7FB5900610761 /* Constants.swift */,
			);
			path = utils;
			sourceTree = "<group>";
		};
		D9BA0EF92AF8E935003D7DCC /* viewModels */ = {
			isa = PBXGroup;
			children = (
				D9BA0EFA2AF8E953003D7DCC /* HeroesTableViewModel.swift */,
			);
			path = viewModels;
			sourceTree = "<group>";
		};
		D9DF204A2AEC02FD00B81F12 /* components */ = {
			isa = PBXGroup;
			children = (
				D9DF20482AEBDB6F00B81F12 /* CategoryViewComponent.swift */,
			);
			path = components;
			sourceTree = "<group>";
		};
		D9DFF5022AE952B2002E7B6A /* views */ = {
			isa = PBXGroup;
			children = (
				D9DFF5002AE950EA002E7B6A /* HeroesTableView.swift */,
				D940FDDD2AEABF73008424B3 /* HeroView.swift */,
			);
			path = views;
			sourceTree = "<group>";
		};
		D9DFF5032AE952C5002E7B6A /* viewControllers */ = {
			isa = PBXGroup;
			children = (
				D93F4FA12AE7BEDB00610761 /* HeroesTableViewController.swift */,
				D940FDDB2AEABED0008424B3 /* HeroViewController.swift */,
				D935E07F2AF56658006F0D61 /* HeroesTableViewCell.swift */,
			);
			path = viewControllers;
			sourceTree = "<group>";
		};
/* End PBXGroup section */

/* Begin PBXNativeTarget section */
		D93F4F992AE7BEDB00610761 /* Heroes */ = {
			isa = PBXNativeTarget;
			buildConfigurationList = D93F4FAE2AE7BEDD00610761 /* Build configuration list for PBXNativeTarget "Heroes" */;
			buildPhases = (
				D93F4F962AE7BEDB00610761 /* Sources */,
				D93F4F972AE7BEDB00610761 /* Frameworks */,
				D93F4F982AE7BEDB00610761 /* Resources */,
			);
			buildRules = (
			);
			dependencies = (
			);
			name = Heroes;
			productName = Heroes;
			productReference = D93F4F9A2AE7BEDB00610761 /* Heroes.app */;
			productType = "com.apple.product-type.application";
		};
/* End PBXNativeTarget section */

/* Begin PBXProject section */
		D93F4F922AE7BEDB00610761 /* Project object */ = {
			isa = PBXProject;
			attributes = {
				BuildIndependentTargetsInParallel = 1;
				LastSwiftUpdateCheck = 1500;
				LastUpgradeCheck = 1500;
				TargetAttributes = {
					D93F4F992AE7BEDB00610761 = {
						CreatedOnToolsVersion = 15.0.1;
					};
				};
			};
			buildConfigurationList = D93F4F952AE7BEDB00610761 /* Build configuration list for PBXProject "Heroes" */;
			compatibilityVersion = "Xcode 14.0";
			developmentRegion = en;
			hasScannedForEncodings = 0;
			knownRegions = (
				en,
				Base,
			);
			mainGroup = D93F4F912AE7BEDB00610761;
			productRefGroup = D93F4F9B2AE7BEDB00610761 /* Products */;
			projectDirPath = "";
			projectRoot = "";
			targets = (
				D93F4F992AE7BEDB00610761 /* Heroes */,
			);
		};
/* End PBXProject section */

/* Begin PBXResourcesBuildPhase section */
		D93F4F982AE7BEDB00610761 /* Resources */ = {
			isa = PBXResourcesBuildPhase;
			buildActionMask = 2147483647;
			files = (
				D93F4FAA2AE7BEDD00610761 /* LaunchScreen.storyboard in Resources */,
				D93F4FA72AE7BEDD00610761 /* Assets.xcassets in Resources */,
			);
			runOnlyForDeploymentPostprocessing = 0;
		};
/* End PBXResourcesBuildPhase section */

/* Begin PBXSourcesBuildPhase section */
		D93F4F962AE7BEDB00610761 /* Sources */ = {
			isa = PBXSourcesBuildPhase;
			buildActionMask = 2147483647;
			files = (
				D93F4FB62AE7E12900610761 /* HeroService.swift in Sources */,
				D93F4FA22AE7BEDB00610761 /* HeroesTableViewController.swift in Sources */,
				D93F4F9E2AE7BEDB00610761 /* AppDelegate.swift in Sources */,
				D9BA0EFB2AF8E953003D7DCC /* HeroesTableViewModel.swift in Sources */,
				D940FDDE2AEABF73008424B3 /* HeroView.swift in Sources */,
				D9DF20492AEBDB6F00B81F12 /* CategoryViewComponent.swift in Sources */,
				D940FDDC2AEABED0008424B3 /* HeroViewController.swift in Sources */,
				D9DFF5012AE950EA002E7B6A /* HeroesTableView.swift in Sources */,
				D93F4FA02AE7BEDB00610761 /* SceneDelegate.swift in Sources */,
				D93F4FB42AE7E11900610761 /* Hero.swift in Sources */,
				D93F4FBB2AE7FB5900610761 /* Constants.swift in Sources */,
				D935E0802AF56658006F0D61 /* HeroesTableViewCell.swift in Sources */,
			);
			runOnlyForDeploymentPostprocessing = 0;
		};
/* End PBXSourcesBuildPhase section */

/* Begin PBXVariantGroup section */
		D93F4FA82AE7BEDD00610761 /* LaunchScreen.storyboard */ = {
			isa = PBXVariantGroup;
			children = (
				D93F4FA92AE7BEDD00610761 /* Base */,
			);
			name = LaunchScreen.storyboard;
			sourceTree = "<group>";
		};
/* End PBXVariantGroup section */

/* Begin XCBuildConfiguration section */
		D93F4FAC2AE7BEDD00610761 /* Debug */ = {
			isa = XCBuildConfiguration;
			buildSettings = {
				ALWAYS_SEARCH_USER_PATHS = NO;
				ASSETCATALOG_COMPILER_GENERATE_SWIFT_ASSET_SYMBOL_EXTENSIONS = YES;
				CLANG_ANALYZER_NONNULL = YES;
				CLANG_ANALYZER_NUMBER_OBJECT_CONVERSION = YES_AGGRESSIVE;
				CLANG_CXX_LANGUAGE_STANDARD = "gnu++20";
				CLANG_ENABLE_MODULES = YES;
				CLANG_ENABLE_OBJC_ARC = YES;
				CLANG_ENABLE_OBJC_WEAK = YES;
				CLANG_WARN_BLOCK_CAPTURE_AUTORELEASING = YES;
				CLANG_WARN_BOOL_CONVERSION = YES;
				CLANG_WARN_COMMA = YES;
				CLANG_WARN_CONSTANT_CONVERSION = YES;
				CLANG_WARN_DEPRECATED_OBJC_IMPLEMENTATIONS = YES;
				CLANG_WARN_DIRECT_OBJC_ISA_USAGE = YES_ERROR;
				CLANG_WARN_DOCUMENTATION_COMMENTS = YES;
				CLANG_WARN_EMPTY_BODY = YES;
				CLANG_WARN_ENUM_CONVERSION = YES;
				CLANG_WARN_INFINITE_RECURSION = YES;
				CLANG_WARN_INT_CONVERSION = YES;
				CLANG_WARN_NON_LITERAL_NULL_CONVERSION = YES;
				CLANG_WARN_OBJC_IMPLICIT_RETAIN_SELF = YES;
				CLANG_WARN_OBJC_LITERAL_CONVERSION = YES;
				CLANG_WARN_OBJC_ROOT_CLASS = YES_ERROR;
				CLANG_WARN_QUOTED_INCLUDE_IN_FRAMEWORK_HEADER = YES;
				CLANG_WARN_RANGE_LOOP_ANALYSIS = YES;
				CLANG_WARN_STRICT_PROTOTYPES = YES;
				CLANG_WARN_SUSPICIOUS_MOVE = YES;
				CLANG_WARN_UNGUARDED_AVAILABILITY = YES_AGGRESSIVE;
				CLANG_WARN_UNREACHABLE_CODE = YES;
				CLANG_WARN__DUPLICATE_METHOD_MATCH = YES;
				COPY_PHASE_STRIP = NO;
				DEBUG_INFORMATION_FORMAT = dwarf;
				ENABLE_STRICT_OBJC_MSGSEND = YES;
				ENABLE_TESTABILITY = YES;
				ENABLE_USER_SCRIPT_SANDBOXING = YES;
				GCC_C_LANGUAGE_STANDARD = gnu17;
				GCC_DYNAMIC_NO_PIC = NO;
				GCC_NO_COMMON_BLOCKS = YES;
				GCC_OPTIMIZATION_LEVEL = 0;
				GCC_PREPROCESSOR_DEFINITIONS = (
					"DEBUG=1",
					"$(inherited)",
				);
				GCC_WARN_64_TO_32_BIT_CONVERSION = YES;
				GCC_WARN_ABOUT_RETURN_TYPE = YES_ERROR;
				GCC_WARN_UNDECLARED_SELECTOR = YES;
				GCC_WARN_UNINITIALIZED_AUTOS = YES_AGGRESSIVE;
				GCC_WARN_UNUSED_FUNCTION = YES;
				GCC_WARN_UNUSED_VARIABLE = YES;
				IPHONEOS_DEPLOYMENT_TARGET = 17.0;
				LOCALIZATION_PREFERS_STRING_CATALOGS = YES;
				MTL_ENABLE_DEBUG_INFO = INCLUDE_SOURCE;
				MTL_FAST_MATH = YES;
				ONLY_ACTIVE_ARCH = YES;
				SDKROOT = iphoneos;
				SWIFT_ACTIVE_COMPILATION_CONDITIONS = "DEBUG $(inherited)";
				SWIFT_OPTIMIZATION_LEVEL = "-Onone";
			};
			name = Debug;
		};
		D93F4FAD2AE7BEDD00610761 /* Release */ = {
			isa = XCBuildConfiguration;
			buildSettings = {
				ALWAYS_SEARCH_USER_PATHS = NO;
				ASSETCATALOG_COMPILER_GENERATE_SWIFT_ASSET_SYMBOL_EXTENSIONS = YES;
				CLANG_ANALYZER_NONNULL = YES;
				CLANG_ANALYZER_NUMBER_OBJECT_CONVERSION = YES_AGGRESSIVE;
				CLANG_CXX_LANGUAGE_STANDARD = "gnu++20";
				CLANG_ENABLE_MODULES = YES;
				CLANG_ENABLE_OBJC_ARC = YES;
				CLANG_ENABLE_OBJC_WEAK = YES;
				CLANG_WARN_BLOCK_CAPTURE_AUTORELEASING = YES;
				CLANG_WARN_BOOL_CONVERSION = YES;
				CLANG_WARN_COMMA = YES;
				CLANG_WARN_CONSTANT_CONVERSION = YES;
				CLANG_WARN_DEPRECATED_OBJC_IMPLEMENTATIONS = YES;
				CLANG_WARN_DIRECT_OBJC_ISA_USAGE = YES_ERROR;
				CLANG_WARN_DOCUMENTATION_COMMENTS = YES;
				CLANG_WARN_EMPTY_BODY = YES;
				CLANG_WARN_ENUM_CONVERSION = YES;
				CLANG_WARN_INFINITE_RECURSION = YES;
				CLANG_WARN_INT_CONVERSION = YES;
				CLANG_WARN_NON_LITERAL_NULL_CONVERSION = YES;
				CLANG_WARN_OBJC_IMPLICIT_RETAIN_SELF = YES;
				CLANG_WARN_OBJC_LITERAL_CONVERSION = YES;
				CLANG_WARN_OBJC_ROOT_CLASS = YES_ERROR;
				CLANG_WARN_QUOTED_INCLUDE_IN_FRAMEWORK_HEADER = YES;
				CLANG_WARN_RANGE_LOOP_ANALYSIS = YES;
				CLANG_WARN_STRICT_PROTOTYPES = YES;
				CLANG_WARN_SUSPICIOUS_MOVE = YES;
				CLANG_WARN_UNGUARDED_AVAILABILITY = YES_AGGRESSIVE;
				CLANG_WARN_UNREACHABLE_CODE = YES;
				CLANG_WARN__DUPLICATE_METHOD_MATCH = YES;
				COPY_PHASE_STRIP = NO;
				DEBUG_INFORMATION_FORMAT = "dwarf-with-dsym";
				ENABLE_NS_ASSERTIONS = NO;
				ENABLE_STRICT_OBJC_MSGSEND = YES;
				ENABLE_USER_SCRIPT_SANDBOXING = YES;
				GCC_C_LANGUAGE_STANDARD = gnu17;
				GCC_NO_COMMON_BLOCKS = YES;
				GCC_WARN_64_TO_32_BIT_CONVERSION = YES;
				GCC_WARN_ABOUT_RETURN_TYPE = YES_ERROR;
				GCC_WARN_UNDECLARED_SELECTOR = YES;
				GCC_WARN_UNINITIALIZED_AUTOS = YES_AGGRESSIVE;
				GCC_WARN_UNUSED_FUNCTION = YES;
				GCC_WARN_UNUSED_VARIABLE = YES;
				IPHONEOS_DEPLOYMENT_TARGET = 17.0;
				LOCALIZATION_PREFERS_STRING_CATALOGS = YES;
				MTL_ENABLE_DEBUG_INFO = NO;
				MTL_FAST_MATH = YES;
				SDKROOT = iphoneos;
				SWIFT_COMPILATION_MODE = wholemodule;
				VALIDATE_PRODUCT = YES;
			};
			name = Release;
		};
		D93F4FAF2AE7BEDD00610761 /* Debug */ = {
			isa = XCBuildConfiguration;
			buildSettings = {
				ASSETCATALOG_COMPILER_APPICON_NAME = AppIcon;
				ASSETCATALOG_COMPILER_GLOBAL_ACCENT_COLOR_NAME = AccentColor;
				CODE_SIGN_STYLE = Automatic;
				CURRENT_PROJECT_VERSION = 1;
				DEVELOPMENT_TEAM = 4KHU274RHC;
				GENERATE_INFOPLIST_FILE = YES;
				INFOPLIST_FILE = Heroes/Info.plist;
				INFOPLIST_KEY_UIApplicationSupportsIndirectInputEvents = YES;
				INFOPLIST_KEY_UILaunchStoryboardName = LaunchScreen;
				INFOPLIST_KEY_UISupportedInterfaceOrientations_iPad = "UIInterfaceOrientationPortrait UIInterfaceOrientationPortraitUpsideDown UIInterfaceOrientationLandscapeLeft UIInterfaceOrientationLandscapeRight";
				INFOPLIST_KEY_UISupportedInterfaceOrientations_iPhone = "UIInterfaceOrientationPortrait UIInterfaceOrientationLandscapeLeft UIInterfaceOrientationLandscapeRight";
				LD_RUNPATH_SEARCH_PATHS = (
					"$(inherited)",
					"@executable_path/Frameworks",
				);
				MARKETING_VERSION = 1.0;
				PRODUCT_BUNDLE_IDENTIFIER = farfetch.Heroes;
				PRODUCT_NAME = "$(TARGET_NAME)";
				SWIFT_EMIT_LOC_STRINGS = YES;
				SWIFT_VERSION = 5.0;
				TARGETED_DEVICE_FAMILY = "1,2";
			};
			name = Debug;
		};
		D93F4FB02AE7BEDD00610761 /* Release */ = {
			isa = XCBuildConfiguration;
			buildSettings = {
				ASSETCATALOG_COMPILER_APPICON_NAME = AppIcon;
				ASSETCATALOG_COMPILER_GLOBAL_ACCENT_COLOR_NAME = AccentColor;
				CODE_SIGN_STYLE = Automatic;
				CURRENT_PROJECT_VERSION = 1;
				DEVELOPMENT_TEAM = 4KHU274RHC;
				GENERATE_INFOPLIST_FILE = YES;
				INFOPLIST_FILE = Heroes/Info.plist;
				INFOPLIST_KEY_UIApplicationSupportsIndirectInputEvents = YES;
				INFOPLIST_KEY_UILaunchStoryboardName = LaunchScreen;
				INFOPLIST_KEY_UISupportedInterfaceOrientations_iPad = "UIInterfaceOrientationPortrait UIInterfaceOrientationPortraitUpsideDown UIInterfaceOrientationLandscapeLeft UIInterfaceOrientationLandscapeRight";
				INFOPLIST_KEY_UISupportedInterfaceOrientations_iPhone = "UIInterfaceOrientationPortrait UIInterfaceOrientationLandscapeLeft UIInterfaceOrientationLandscapeRight";
				LD_RUNPATH_SEARCH_PATHS = (
					"$(inherited)",
					"@executable_path/Frameworks",
				);
				MARKETING_VERSION = 1.0;
				PRODUCT_BUNDLE_IDENTIFIER = farfetch.Heroes;
				PRODUCT_NAME = "$(TARGET_NAME)";
				SWIFT_EMIT_LOC_STRINGS = YES;
				SWIFT_VERSION = 5.0;
				TARGETED_DEVICE_FAMILY = "1,2";
			};
			name = Release;
		};
/* End XCBuildConfiguration section */

/* Begin XCConfigurationList section */
		D93F4F952AE7BEDB00610761 /* Build configuration list for PBXProject "Heroes" */ = {
			isa = XCConfigurationList;
			buildConfigurations = (
				D93F4FAC2AE7BEDD00610761 /* Debug */,
				D93F4FAD2AE7BEDD00610761 /* Release */,
			);
			defaultConfigurationIsVisible = 0;
			defaultConfigurationName = Release;
		};
		D93F4FAE2AE7BEDD00610761 /* Build configuration list for PBXNativeTarget "Heroes" */ = {
			isa = XCConfigurationList;
			buildConfigurations = (
				D93F4FAF2AE7BEDD00610761 /* Debug */,
				D93F4FB02AE7BEDD00610761 /* Release */,
			);
			defaultConfigurationIsVisible = 0;
			defaultConfigurationName = Release;
		};
/* End XCConfigurationList section */
	};
	rootObject = D93F4F922AE7BEDB00610761 /* Project object */;
}
